{
  "version": 4,
  "terraform_version": "1.10.3",
  "serial": 7,
  "lineage": "8ef0d7fd-8452-58f6-022a-83be59c5abab",
  "outputs": {},
  "resources": [
    {
      "mode": "data",
      "type": "minio_s3_object",
      "name": "vpc_configurations",
      "provider": "provider[\"registry.terraform.io/aminueza/minio\"]",
      "instances": [
        {
          "schema_version": 0,
          "attributes": {
            "bucket_name": "vm-configuration",
            "checksum_crc32": "",
            "checksum_crc32c": "",
            "checksum_sha1": "",
            "checksum_sha256": "",
            "content": "{\"default_users\":{\"zevrant\":\"ecdsa-sha2-nistp384 AAAAE2VjZHNhLXNoYTItbmlzdHAzODQAAAAIbmlzdHAzODQAAABhBLtOxtriPtNmisKkmfHfCByaTYCHRsDHyzQAi0yL6LUeKybjYExfR6N0xBMcIj6M/b5U3aafjKayX4nMvV7s7/vcrpBfW+WvxOCBWTlhKGNpUmAS9ApFDn51/FTuRgB/YA==\"},\"dns_secret_config\":\"secret-volume-654d2b17-cc3f-7061-9085-ae9823dc5af1.qcow2\",\"ingress_router_id\":117,\"ingress_secret_volume_path\":\"secret-volume-3451f939-3b6a-cc10-dc67-bdef36106570.qcow2\",\"ingress_virtual_ip\":\"10.1.0.254/24\",\"pki_role\":{\"backend\":\"pki_shared\",\"issuer_ref\":\"7149394f-5f66-0579-fced-27db21503f89\",\"name\":\"zevrant-services-shared\"},\"rpc_password\":\"6jOrVQ==\"}",
            "content_type": "application/octet-stream",
            "etag": "3bd8d89324802067d2d31b66461d6361-1",
            "expiration_rule_id": "",
            "expires": null,
            "id": "448072308",
            "is_latest": false,
            "last_modified": null,
            "object_name": "shared-common.json",
            "owner": {
              "display_name": "",
              "id": ""
            },
            "size": 611,
            "storage_class": "",
            "version_id": ""
          },
          "sensitive_attributes": []
        }
      ]
    },
    {
      "mode": "managed",
      "type": "proxmox_vm",
      "name": "bind9-agent-test",
      "provider": "provider[\"app.terraform.io/zevrant-services/proxmox\"]",
      "instances": [
        {
          "schema_version": 0,
          "attributes": {
            "acpi": true,
            "bios": "seabios",
            "boot_order": [
              "scsi0"
            ],
            "cloud_init_storage_name": "local-zfs",
            "cores": 8,
            "cpu_limit": 0,
            "cpu_type": "host",
            "default_user": "zevrant",
            "description": "vm-agent-testing",
            "disk": [
              {
                "async_io": "default",
                "backup_enabled": true,
                "bus_type": "scsi",
                "cache": "default",
                "discard_enabled": false,
                "id": 0,
                "import_from": "local",
                "import_path": "0/bind9-base-0.0.33.qcow2",
                "io_thread": true,
                "order": 0,
                "read_only": false,
                "replicate": true,
                "size": "50G",
                "ssd_emulation": false,
                "storage_location": "local-zfs"
              },
              {
                "async_io": "default",
                "backup_enabled": true,
                "bus_type": "scsi",
                "cache": "default",
                "discard_enabled": false,
                "id": 1,
                "import_from": "local",
                "import_path": "0/secret-volume-654d2b17-cc3f-7061-9085-ae9823dc5af1.qcow2",
                "io_thread": true,
                "order": 1,
                "read_only": false,
                "replicate": true,
                "size": "1G",
                "ssd_emulation": false,
                "storage_location": "local-zfs"
              }
            ],
            "host_startup_order": 1,
            "ip_config": [
              {
                "gateway": "10.1.0.1",
                "ip_address": "10.1.0.100/24",
                "order": 0
              }
            ],
            "kvm": true,
            "memory": 8192,
            "name": "dns-shared-green-01",
            "nameserver": "10.0.0.8",
            "network_interface": [
              {
                "bridge": "shared",
                "firewall": true,
                "mac_address": "BC:24:11:6d:20:29",
                "mtu": 1412,
                "order": 0,
                "type": "virtio"
              }
            ],
            "node_name": "proxmox-03",
            "numa_active": false,
            "os_type": "l26",
            "perform_cloud_init_upgrade": true,
            "power_state": "running",
            "protection": false,
            "qemu_agent_enabled": true,
            "scsi_hw": "virtio-scsi-single",
            "sockets": 1,
            "ssh_keys": [
              "ecdsa-sha2-nistp384 AAAAE2VjZHNhLXNoYTItbmlzdHAzODQAAAAIbmlzdHAzODQAAABhBLtOxtriPtNmisKkmfHfCByaTYCHRsDHyzQAi0yL6LUeKybjYExfR6N0xBMcIj6M/b5U3aafjKayX4nMvV7s7/vcrpBfW+WvxOCBWTlhKGNpUmAS9ApFDn51/FTuRgB/YA=="
            ],
            "start_on_boot": false,
            "tags": [
              "dns"
            ],
            "vm_id": "9001",
            "vmgenid": "10e48799-2879-4a37-8c58-0ef78e67955a"
          },
          "sensitive_attributes": [
            [
              {
                "type": "get_attr",
                "value": "network_interface"
              },
              {
                "type": "index",
                "value": {
                  "value": 0,
                  "type": "number"
                }
              },
              {
                "type": "get_attr",
                "value": "mac_address"
              }
            ]
          ],
          "dependencies": [
            "data.minio_s3_object.vpc_configurations",
            "random_bytes.mac_address_1",
            "random_bytes.mac_address_2",
            "random_bytes.mac_address_3"
          ]
        }
      ]
    },
    {
      "mode": "managed",
      "type": "random_bytes",
      "name": "mac_address_1",
      "provider": "provider[\"registry.terraform.io/hashicorp/random\"]",
      "instances": [
        {
          "schema_version": 0,
          "attributes": {
            "base64": "bQ==",
            "hex": "6d",
            "keepers": null,
            "length": 1
          },
          "sensitive_attributes": [
            [
              {
                "type": "get_attr",
                "value": "hex"
              }
            ],
            [
              {
                "type": "get_attr",
                "value": "base64"
              }
            ]
          ]
        }
      ]
    },
    {
      "mode": "managed",
      "type": "random_bytes",
      "name": "mac_address_2",
      "provider": "provider[\"registry.terraform.io/hashicorp/random\"]",
      "instances": [
        {
          "schema_version": 0,
          "attributes": {
            "base64": "IA==",
            "hex": "20",
            "keepers": null,
            "length": 1
          },
          "sensitive_attributes": [
            [
              {
                "type": "get_attr",
                "value": "hex"
              }
            ],
            [
              {
                "type": "get_attr",
                "value": "base64"
              }
            ]
          ]
        }
      ]
    },
    {
      "mode": "managed",
      "type": "random_bytes",
      "name": "mac_address_3",
      "provider": "provider[\"registry.terraform.io/hashicorp/random\"]",
      "instances": [
        {
          "schema_version": 0,
          "attributes": {
            "base64": "KQ==",
            "hex": "29",
            "keepers": null,
            "length": 1
          },
          "sensitive_attributes": [
            [
              {
                "type": "get_attr",
                "value": "base64"
              }
            ],
            [
              {
                "type": "get_attr",
                "value": "hex"
              }
            ]
          ]
        }
      ]
    }
  ],
  "check_results": [
    {
      "object_kind": "var",
      "config_addr": "var.keepalived_password",
      "status": "pass",
      "objects": [
        {
          "object_addr": "var.keepalived_password",
          "status": "pass"
        }
      ]
    },
    {
      "object_kind": "var",
      "config_addr": "var.virtual_ip_address",
      "status": "pass",
      "objects": [
        {
          "object_addr": "var.virtual_ip_address",
          "status": "pass"
        }
      ]
    },
    {
      "object_kind": "var",
      "config_addr": "var.replica_priority",
      "status": "pass",
      "objects": [
        {
          "object_addr": "var.replica_priority",
          "status": "pass"
        }
      ]
    },
    {
      "object_kind": "var",
      "config_addr": "var.ip_address",
      "status": "pass",
      "objects": [
        {
          "object_addr": "var.ip_address",
          "status": "pass"
        }
      ]
    }
  ]
}
